{
  "lockfileVersion": 1,
  "configVersion": 0,
  "workspaces": {
    "": {
      "name": "@discord-components/v2",
      "dependencies": {
        "discordjs-components-v2": "^2.0.4",
      },
      "devDependencies": {
        "@types/node": "^20.0.0",
        "typescript": "^5.0.0",
      },
      "peerDependencies": {
        "discord-api-types": ">=0.38.8",
      },
    },
  },
  "packages": {
    "@types/node": ["@types/node@20.19.43", "", { "dependencies": { "undici-types": "~6.21.0" } }, "sha512-6oYBAi5ikg4Pl+kGsoYtawUMBT2zZMCvPNF7pVLnHZfd1zf38DRiWn/gT01RYCdUqkv7Fhr+C9ot4/tb+2sVvA=="],

    "discord-api-types": ["discord-api-types@0.38.53", "", {}, "sha512-HL1zz/UuZ+bbJjA/X8Kbxx9gk8v9rJAbTeWRNYKmIdjwJ7EovjlHgoJTxcLpATfNJ+AonOtMdy3Y5MVIJAAd/A=="],

    "discordjs-components-v2": ["discordjs-components-v2@2.0.4", "", { "dependencies": { "discordjs-components-v2": "^2.0.3" }, "peerDependencies": { "discord-api-types": ">=0.38.8" } }, "sha512-yKpvcStZnrZZghuqSxsXIFpoELVjwW/YnIcrBWRleZ4CKz6N77NHetRK3Z7vGIUqOxL9EnQiwpQ49xnxfziKYg=="],

    "typescript": ["typescript@5.9.3", "", { "bin": { "tsc": "bin/tsc", "tsserver": "bin/tsserver" } }, "sha512-jl1vZzPDinLr9eUt3J/t7V6FgNEw9QjvBPdysz9KfQDD41fQrC2Y4vKQdiaUpFT4bXlb1RHhLpp8wtm6M5TgSw=="],

    "undici-types": ["undici-types@6.21.0", "", {}, "sha512-iwDZqg0QAGrg9Rav5H4n0M64c3mkR59cJ6wQp+7C4nI0gsmExaedaYLNO44eT4AtBBwjbTiGPMlt2Md0T9H9JQ=="],
  }
}
